
Microsoft Visual Studio Solution File, Format Version 12.00
Project("{FAE04EC0-301F-11D3-BF4B-00C04F79EFBC}") = "ClasicalEncryptor", "ClasicalEncryptor\ClasicalEncryptor.csproj", "{23B3FACF-4711-469D-BC46-5F9F35F4D8EA}"
EndProject
Global
	GlobalSection(SolutionConfigurationPlatforms) = preSolution
		Debug|Any CPU = Debug|Any CPU
		Release|Any CPU = Release|Any CPU
	EndGlobalSection
	GlobalSection(ProjectConfigurationPlatforms) = postSolution
		{23B3FACF-4711-469D-BC46-5F9F35F4D8EA}.Debug|Any CPU.ActiveCfg = Debug|Any CPU
		{23B3FACF-4711-469D-BC46-5F9F35F4D8EA}.Debug|Any CPU.Build.0 = Debug|Any CPU
		{23B3FACF-4711-469D-BC46-5F9F35F4D8EA}.Release|Any CPU.ActiveCfg = Release|Any CPU
		{23B3FACF-4711-469D-BC46-5F9F35F4D8EA}.Release|Any CPU.Build.0 = Release|Any CPU
	EndGlobalSection
EndGlobal
